{
  "name": "product-thinking-reviewer",
  "version": "1.0.0",
  "lockfileVersion": 3,
  "requires": true,
  "packages": {
    "": {
      "name": "product-thinking-reviewer",
      "version": "1.0.0",
      "license": "Apache-2.0",
      "bin": {
        "product-thinking-reviewer": "bin/pdr.js",
        "ptr": "bin/pdr.js"
      }
    }
  }
}
